
Microsoft Visual Studio Solution File, Format Version 12.00
# Visual Studio 15
VisualStudioVersion = 15.0.28307.489
MinimumVisualStudioVersion = 10.0.40219.1
Project("{FAE04EC0-301F-11D3-BF4B-00C04F79EFBC}") = "Web", "TP_WEB_SEMENZA_KUSTERS\Web.csproj", "{5803E6B5-3305-4AFA-9318-0902B590D16E}"
EndProject
Project("{FAE04EC0-301F-11D3-BF4B-00C04F79EFBC}") = "Dominio", "Dominio\Dominio.csproj", "{34AE76F4-4198-492A-A479-EB3E5A484323}"
EndProject
Project("{FAE04EC0-301F-11D3-BF4B-00C04F79EFBC}") = "Negocio", "Negocio\Negocio.csproj", "{250E84A0-7FEF-4FED-800E-CD685FE1C1B0}"
EndProject
Global
	GlobalSection(SolutionConfigurationPlatforms) = preSolution
		Debug|Any CPU = Debug|Any CPU
		Release|Any CPU = Release|Any CPU
	EndGlobalSection
	GlobalSection(ProjectConfigurationPlatforms) = postSolution
		{5803E6B5-3305-4AFA-9318-0902B590D16E}.Debug|Any CPU.ActiveCfg = Debug|Any CPU
		{5803E6B5-3305-4AFA-9318-0902B590D16E}.Debug|Any CPU.Build.0 = Debug|Any CPU
		{5803E6B5-3305-4AFA-9318-0902B590D16E}.Release|Any CPU.ActiveCfg = Release|Any CPU
		{5803E6B5-3305-4AFA-9318-0902B590D16E}.Release|Any CPU.Build.0 = Release|Any CPU
		{34AE76F4-4198-492A-A479-EB3E5A484323}.Debug|Any CPU.ActiveCfg = Debug|Any CPU
		{34AE76F4-4198-492A-A479-EB3E5A484323}.Debug|Any CPU.Build.0 = Debug|Any CPU
		{34AE76F4-4198-492A-A479-EB3E5A484323}.Release|Any CPU.ActiveCfg = Release|Any CPU
		{34AE76F4-4198-492A-A479-EB3E5A484323}.Release|Any CPU.Build.0 = Release|Any CPU
		{250E84A0-7FEF-4FED-800E-CD685FE1C1B0}.Debug|Any CPU.ActiveCfg = Debug|Any CPU
		{250E84A0-7FEF-4FED-800E-CD685FE1C1B0}.Debug|Any CPU.Build.0 = Debug|Any CPU
		{250E84A0-7FEF-4FED-800E-CD685FE1C1B0}.Release|Any CPU.ActiveCfg = Release|Any CPU
		{250E84A0-7FEF-4FED-800E-CD685FE1C1B0}.Release|Any CPU.Build.0 = Release|Any CPU
	EndGlobalSection
	GlobalSection(SolutionProperties) = preSolution
		HideSolutionNode = FALSE
	EndGlobalSection
	GlobalSection(ExtensibilityGlobals) = postSolution
		SolutionGuid = {305DC161-8964-4E11-BBC0-ED046B29001E}
	EndGlobalSection
EndGlobal
